{
  "name": "puzzle-ts",
  "version": "0.0.0",
  "lockfileVersion": 1,
  "requires": true,
  "dependencies": {
    "@types/node": {
      "version": "8.10.32",
      "resolved": "https://registry.npmjs.org/@types/node/-/node-8.10.32.tgz",
      "integrity": "sha512-8OfXpkB3E0jhpcpyVlqJDV5mkXlrsJrDZR7q0uss8SBdW8IxNdx/J2o5m7cM2qbFzyd/o+aV5Z4OJcIukI6UlA==",
      "dev": true
    }
  }
}
